
Microsoft Visual Studio Solution File, Format Version 12.00
# Visual Studio 15
VisualStudioVersion = 15.0.28307.271
MinimumVisualStudioVersion = 10.0.40219.1
Project("{FAE04EC0-301F-11D3-BF4B-00C04F79EFBC}") = "FinancialTracker.UI", "FinancialTracker.UI\FinancialTracker.UI.csproj", "{704F5DB6-76DA-4940-815B-CDA4F39F2C50}"
EndProject
Project("{FAE04EC0-301F-11D3-BF4B-00C04F79EFBC}") = "FinancialTracker.DataAccess", "FinancialTracker.DataAccess\FinancialTracker.DataAccess.csproj", "{00AA5E97-6F4C-4D40-8CF2-6054BF16BC57}"
EndProject
Project("{FAE04EC0-301F-11D3-BF4B-00C04F79EFBC}") = "FinancialTracker.Model", "FinancialTracker.Model\FinancialTracker.Model.csproj", "{4A5756D3-9EAA-4180-9B14-9B77BF46A943}"
EndProject
Global
	GlobalSection(SolutionConfigurationPlatforms) = preSolution
		Debug|Any CPU = Debug|Any CPU
		Release|Any CPU = Release|Any CPU
	EndGlobalSection
	GlobalSection(ProjectConfigurationPlatforms) = postSolution
		{704F5DB6-76DA-4940-815B-CDA4F39F2C50}.Debug|Any CPU.ActiveCfg = Debug|Any CPU
		{704F5DB6-76DA-4940-815B-CDA4F39F2C50}.Debug|Any CPU.Build.0 = Debug|Any CPU
		{704F5DB6-76DA-4940-815B-CDA4F39F2C50}.Release|Any CPU.ActiveCfg = Release|Any CPU
		{704F5DB6-76DA-4940-815B-CDA4F39F2C50}.Release|Any CPU.Build.0 = Release|Any CPU
		{00AA5E97-6F4C-4D40-8CF2-6054BF16BC57}.Debug|Any CPU.ActiveCfg = Debug|Any CPU
		{00AA5E97-6F4C-4D40-8CF2-6054BF16BC57}.Debug|Any CPU.Build.0 = Debug|Any CPU
		{00AA5E97-6F4C-4D40-8CF2-6054BF16BC57}.Release|Any CPU.ActiveCfg = Release|Any CPU
		{00AA5E97-6F4C-4D40-8CF2-6054BF16BC57}.Release|Any CPU.Build.0 = Release|Any CPU
		{4A5756D3-9EAA-4180-9B14-9B77BF46A943}.Debug|Any CPU.ActiveCfg = Debug|Any CPU
		{4A5756D3-9EAA-4180-9B14-9B77BF46A943}.Debug|Any CPU.Build.0 = Debug|Any CPU
		{4A5756D3-9EAA-4180-9B14-9B77BF46A943}.Release|Any CPU.ActiveCfg = Release|Any CPU
		{4A5756D3-9EAA-4180-9B14-9B77BF46A943}.Release|Any CPU.Build.0 = Release|Any CPU
	EndGlobalSection
	GlobalSection(SolutionProperties) = preSolution
		HideSolutionNode = FALSE
	EndGlobalSection
	GlobalSection(ExtensibilityGlobals) = postSolution
		SolutionGuid = {C5B40476-83E9-414A-B955-E30873552DF5}
	EndGlobalSection
EndGlobal
